// !$*UTF8*$!
{
	archiveVersion = 1;
	classes = {
	};
	objectVersion = 55;
	objects = {

/* Begin PBXBuildFile section */
		036A1ECAFAE6305CD70672F7 /* ObjcTestViewController.m in Sources */ = {isa = PBXBuildFile; fileRef = FE232E0021546F66D57F2A92 /* ObjcTestViewController.m */; };
		4635BD0A5F88B1B6CEC02D2D /* TuistAssets+SwitchTuistFinalTest.swift in Sources */ = {isa = PBXBuildFile; fileRef = 9391CAC4A9033FC6EBF19594 /* TuistAssets+SwitchTuistFinalTest.swift */; };
		48C27581E1E65D9CB1658637 /* ViewController.swift in Sources */ = {isa = PBXBuildFile; fileRef = 97DCDD0FC1CF7DA591BEA49B /* ViewController.swift */; };
		70DF43895F845CCB4D85DAB3 /* AppDelegate.swift in Sources */ = {isa = PBXBuildFile; fileRef = D28E87D9E5E17AD57D5AD89D /* AppDelegate.swift */; };
		BC477A8B62A54FD0F58E4213 /* Assets.xcassets in Resources */ = {isa = PBXBuildFile; fileRef = EF178A22C2195D2DE2E69D6C /* Assets.xcassets */; };
		CF28871E1602258E9021A622 /* SceneDelegate.swift in Sources */ = {isa = PBXBuildFile; fileRef = 19818E346B183C11CB2733FD /* SceneDelegate.swift */; };
		D0FB809BB10D533B2E7F0D2E /* TuistBundle+SwitchTuistFinalTest.swift in Sources */ = {isa = PBXBuildFile; fileRef = 75A887ECDF606F84755EAD72 /* TuistBundle+SwitchTuistFinalTest.swift */; };
/* End PBXBuildFile section */

/* Begin PBXCopyFilesBuildPhase section */
		355E79E0A0B3B0900392AD50 /* Embed Frameworks */ = {
			isa = PBXCopyFilesBuildPhase;
			buildActionMask = 2147483647;
			dstPath = "";
			dstSubfolderSpec = 10;
			files = (
			);
			name = "Embed Frameworks";
			runOnlyForDeploymentPostprocessing = 0;
		};
/* End PBXCopyFilesBuildPhase section */

/* Begin PBXFileReference section */
		19818E346B183C11CB2733FD /* SceneDelegate.swift */ = {isa = PBXFileReference; lastKnownFileType = sourcecode.swift; path = SceneDelegate.swift; sourceTree = "<group>"; };
		3C06B2B28D66182303037799 /* SwitchTuistFinalTest.app */ = {isa = PBXFileReference; explicitFileType = wrapper.application; includeInIndex = 0; path = SwitchTuistFinalTest.app; sourceTree = BUILT_PRODUCTS_DIR; };
		60C4EC5F7B181D93D05AC883 /* Info.plist */ = {isa = PBXFileReference; lastKnownFileType = text.plist; path = Info.plist; sourceTree = "<group>"; };
		75A887ECDF606F84755EAD72 /* TuistBundle+SwitchTuistFinalTest.swift */ = {isa = PBXFileReference; lastKnownFileType = sourcecode.swift; path = "TuistBundle+SwitchTuistFinalTest.swift"; sourceTree = "<group>"; };
		9391CAC4A9033FC6EBF19594 /* TuistAssets+SwitchTuistFinalTest.swift */ = {isa = PBXFileReference; lastKnownFileType = sourcecode.swift; path = "TuistAssets+SwitchTuistFinalTest.swift"; sourceTree = "<group>"; };
		97DCDD0FC1CF7DA591BEA49B /* ViewController.swift */ = {isa = PBXFileReference; lastKnownFileType = sourcecode.swift; path = ViewController.swift; sourceTree = "<group>"; };
		CD896C1B0792BE1E1D8B11AC /* SwitchTuistFinalTest.xcconfig */ = {isa = PBXFileReference; lastKnownFileType = text.xcconfig; path = SwitchTuistFinalTest.xcconfig; sourceTree = "<group>"; };
		D28E87D9E5E17AD57D5AD89D /* AppDelegate.swift */ = {isa = PBXFileReference; lastKnownFileType = sourcecode.swift; path = AppDelegate.swift; sourceTree = "<group>"; };
		EF178A22C2195D2DE2E69D6C /* Assets.xcassets */ = {isa = PBXFileReference; lastKnownFileType = folder.assetcatalog; path = Assets.xcassets; sourceTree = "<group>"; };
		FE232E0021546F66D57F2A92 /* ObjcTestViewController.m */ = {isa = PBXFileReference; lastKnownFileType = sourcecode.c.objc; path = ObjcTestViewController.m; sourceTree = "<group>"; };
/* End PBXFileReference section */

/* Begin PBXFrameworksBuildPhase section */
		41AAC28D7A4774CD7790484C /* Frameworks */ = {
			isa = PBXFrameworksBuildPhase;
			buildActionMask = 2147483647;
			files = (
			);
			runOnlyForDeploymentPostprocessing = 0;
		};
/* End PBXFrameworksBuildPhase section */

/* Begin PBXGroup section */
		12CA2BFB6AB806CA73551E30 = {
			isa = PBXGroup;
			children = (
				42D7B505FA51B21AC812DB25 /* Project */,
				98E2B8141817F1F6CCFE4E02 /* Frameworks */,
				AF2691C5A768ADAC5E94FA37 /* Products */,
			);
			sourceTree = "<group>";
		};
		42D7B505FA51B21AC812DB25 /* Project */ = {
			isa = PBXGroup;
			children = (
				5D3D9ECD87ED1DFFB34A9DE8 /* Derived */,
				93A98EC1129534E0C1EF93E5 /* SwitchTuistFinalTest */,
				CD896C1B0792BE1E1D8B11AC /* SwitchTuistFinalTest.xcconfig */,
			);
			name = Project;
			sourceTree = "<group>";
		};
		5D3D9ECD87ED1DFFB34A9DE8 /* Derived */ = {
			isa = PBXGroup;
			children = (
				EAFF55FE9BC47D58C72A1811 /* Sources */,
			);
			path = Derived;
			sourceTree = "<group>";
		};
		93A98EC1129534E0C1EF93E5 /* SwitchTuistFinalTest */ = {
			isa = PBXGroup;
			children = (
				D28E87D9E5E17AD57D5AD89D /* AppDelegate.swift */,
				EF178A22C2195D2DE2E69D6C /* Assets.xcassets */,
				60C4EC5F7B181D93D05AC883 /* Info.plist */,
				FE232E0021546F66D57F2A92 /* ObjcTestViewController.m */,
				19818E346B183C11CB2733FD /* SceneDelegate.swift */,
				97DCDD0FC1CF7DA591BEA49B /* ViewController.swift */,
			);
			path = SwitchTuistFinalTest;
			sourceTree = "<group>";
		};
		98E2B8141817F1F6CCFE4E02 /* Frameworks */ = {
			isa = PBXGroup;
			children = (
			);
			name = Frameworks;
			sourceTree = "<group>";
		};
		AF2691C5A768ADAC5E94FA37 /* Products */ = {
			isa = PBXGroup;
			children = (
				3C06B2B28D66182303037799 /* SwitchTuistFinalTest.app */,
			);
			name = Products;
			sourceTree = "<group>";
		};
		EAFF55FE9BC47D58C72A1811 /* Sources */ = {
			isa = PBXGroup;
			children = (
				9391CAC4A9033FC6EBF19594 /* TuistAssets+SwitchTuistFinalTest.swift */,
				75A887ECDF606F84755EAD72 /* TuistBundle+SwitchTuistFinalTest.swift */,
			);
			path = Sources;
			sourceTree = "<group>";
		};
/* End PBXGroup section */

/* Begin PBXNativeTarget section */
		238231D05411C9F6114DB200 /* SwitchTuistFinalTest */ = {
			isa = PBXNativeTarget;
			buildConfigurationList = 9A134736C52454DC448C1ABA /* Build configuration list for PBXNativeTarget "SwitchTuistFinalTest" */;
			buildPhases = (
				ABB3E5395709D6B67E9301AD /* Sources */,
				54E635C8B35D2A4B9E257116 /* Resources */,
				355E79E0A0B3B0900392AD50 /* Embed Frameworks */,
				41AAC28D7A4774CD7790484C /* Frameworks */,
			);
			buildRules = (
			);
			dependencies = (
			);
			name = SwitchTuistFinalTest;
			productName = SwitchTuistFinalTest;
			productReference = 3C06B2B28D66182303037799 /* SwitchTuistFinalTest.app */;
			productType = "com.apple.product-type.application";
		};
/* End PBXNativeTarget section */

/* Begin PBXProject section */
		7D1D215FE0ABE41324C37D54 /* Project object */ = {
			isa = PBXProject;
			attributes = {
				BuildIndependentTargetsInParallel = YES;
				ORGANIZATIONNAME = "hyoju sim";
				TargetAttributes = {
				};
			};
			buildConfigurationList = 852386C68E3D9E3024192965 /* Build configuration list for PBXProject "SwitchTuistFinalTest" */;
			compatibilityVersion = "Xcode 13.0";
			developmentRegion = en;
			hasScannedForEncodings = 0;
			knownRegions = (
				Base,
				en,
			);
			mainGroup = 12CA2BFB6AB806CA73551E30;
			productRefGroup = AF2691C5A768ADAC5E94FA37 /* Products */;
			projectDirPath = "";
			projectRoot = "";
			targets = (
				238231D05411C9F6114DB200 /* SwitchTuistFinalTest */,
			);
		};
/* End PBXProject section */

/* Begin PBXResourcesBuildPhase section */
		54E635C8B35D2A4B9E257116 /* Resources */ = {
			isa = PBXResourcesBuildPhase;
			buildActionMask = 2147483647;
			files = (
				BC477A8B62A54FD0F58E4213 /* Assets.xcassets in Resources */,
			);
			runOnlyForDeploymentPostprocessing = 0;
		};
/* End PBXResourcesBuildPhase section */

/* Begin PBXSourcesBuildPhase section */
		ABB3E5395709D6B67E9301AD /* Sources */ = {
			isa = PBXSourcesBuildPhase;
			buildActionMask = 2147483647;
			files = (
				4635BD0A5F88B1B6CEC02D2D /* TuistAssets+SwitchTuistFinalTest.swift in Sources */,
				D0FB809BB10D533B2E7F0D2E /* TuistBundle+SwitchTuistFinalTest.swift in Sources */,
				70DF43895F845CCB4D85DAB3 /* AppDelegate.swift in Sources */,
				036A1ECAFAE6305CD70672F7 /* ObjcTestViewController.m in Sources */,
				CF28871E1602258E9021A622 /* SceneDelegate.swift in Sources */,
				48C27581E1E65D9CB1658637 /* ViewController.swift in Sources */,
			);
			runOnlyForDeploymentPostprocessing = 0;
		};
/* End PBXSourcesBuildPhase section */

/* Begin XCBuildConfiguration section */
		0863E2FB7CE3EF1D0EB315BA /* Debug */ = {
			isa = XCBuildConfiguration;
			baseConfigurationReference = CD896C1B0792BE1E1D8B11AC /* SwitchTuistFinalTest.xcconfig */;
			buildSettings = {
				ALWAYS_SEARCH_USER_PATHS = NO;
				CLANG_ANALYZER_LOCALIZABILITY_NONLOCALIZED = YES;
				CLANG_ANALYZER_NONNULL = YES;
				CLANG_ANALYZER_NUMBER_OBJECT_CONVERSION = YES_AGGRESSIVE;
				CLANG_CXX_LANGUAGE_STANDARD = "gnu++14";
				CLANG_CXX_LIBRARY = "libc++";
				CLANG_ENABLE_MODULES = YES;
				CLANG_ENABLE_OBJC_ARC = YES;
				CLANG_ENABLE_OBJC_WEAK = YES;
				CLANG_WARN_BLOCK_CAPTURE_AUTORELEASING = YES;
				CLANG_WARN_BOOL_CONVERSION = YES;
				CLANG_WARN_COMMA = YES;
				CLANG_WARN_CONSTANT_CONVERSION = YES;
				CLANG_WARN_DEPRECATED_OBJC_IMPLEMENTATIONS = YES;
				CLANG_WARN_DIRECT_OBJC_ISA_USAGE = YES_ERROR;
				CLANG_WARN_DOCUMENTATION_COMMENTS = YES;
				CLANG_WARN_EMPTY_BODY = YES;
				CLANG_WARN_ENUM_CONVERSION = YES;
				CLANG_WARN_INFINITE_RECURSION = YES;
				CLANG_WARN_INT_CONVERSION = YES;
				CLANG_WARN_NON_LITERAL_NULL_CONVERSION = YES;
				CLANG_WARN_OBJC_IMPLICIT_RETAIN_SELF = YES;
				CLANG_WARN_OBJC_LITERAL_CONVERSION = YES;
				CLANG_WARN_OBJC_ROOT_CLASS = YES_ERROR;
				CLANG_WARN_QUOTED_INCLUDE_IN_FRAMEWORK_HEADER = YES;
				CLANG_WARN_RANGE_LOOP_ANALYSIS = YES;
				CLANG_WARN_STRICT_PROTOTYPES = YES;
				CLANG_WARN_SUSPICIOUS_MOVE = YES;
				CLANG_WARN_UNGUARDED_AVAILABILITY = YES_AGGRESSIVE;
				CLANG_WARN_UNREACHABLE_CODE = YES;
				CLANG_WARN__DUPLICATE_METHOD_MATCH = YES;
				COPY_PHASE_STRIP = NO;
				DEAD_CODE_STRIPPING = YES;
				DEBUG_INFORMATION_FORMAT = dwarf;
				ENABLE_STRICT_OBJC_MSGSEND = YES;
				ENABLE_TESTABILITY = YES;
				GCC_C_LANGUAGE_STANDARD = gnu11;
				GCC_DYNAMIC_NO_PIC = NO;
				GCC_NO_COMMON_BLOCKS = YES;
				GCC_OPTIMIZATION_LEVEL = 0;
				GCC_PREPROCESSOR_DEFINITIONS = (
					"DEBUG=1",
					"$(inherited)",
				);
				GCC_WARN_64_TO_32_BIT_CONVERSION = YES;
				GCC_WARN_ABOUT_RETURN_TYPE = YES_ERROR;
				GCC_WARN_UNDECLARED_SELECTOR = YES;
				GCC_WARN_UNINITIALIZED_AUTOS = YES_AGGRESSIVE;
				GCC_WARN_UNUSED_FUNCTION = YES;
				GCC_WARN_UNUSED_VARIABLE = YES;
				MTL_ENABLE_DEBUG_INFO = YES;
				ONLY_ACTIVE_ARCH = YES;
				PRODUCT_NAME = "$(TARGET_NAME)";
			};
			name = Debug;
		};
		CC7C51AB5F34D211840B3C23 /* Debug */ = {
			isa = XCBuildConfiguration;
			buildSettings = {
				CODE_SIGN_IDENTITY = "iPhone Developer";
				ENABLE_PREVIEWS = YES;
				INFOPLIST_FILE = SwitchTuistFinalTest/Info.plist;
				IPHONEOS_DEPLOYMENT_TARGET = 13.0;
				LD_RUNPATH_SEARCH_PATHS = (
					"$(inherited)",
					"@executable_path/Frameworks",
				);
				PRODUCT_BUNDLE_IDENTIFIER = switchTuistFinalTest.simyo.com;
				PRODUCT_NAME = SwitchTuistFinalTest;
				SDKROOT = iphoneos;
				SUPPORTS_MACCATALYST = NO;
				SUPPORTS_MAC_DESIGNED_FOR_IPHONE_IPAD = YES;
				SWIFT_ACTIVE_COMPILATION_CONDITIONS = DEBUG;
				SWIFT_COMPILATION_MODE = singlefile;
				SWIFT_OPTIMIZATION_LEVEL = "-Onone";
				SWIFT_VERSION = 5.0;
				TARGETED_DEVICE_FAMILY = "1,2";
			};
			name = Debug;
		};
/* End XCBuildConfiguration section */

/* Begin XCConfigurationList section */
		852386C68E3D9E3024192965 /* Build configuration list for PBXProject "SwitchTuistFinalTest" */ = {
			isa = XCConfigurationList;
			buildConfigurations = (
				0863E2FB7CE3EF1D0EB315BA /* Debug */,
			);
			defaultConfigurationIsVisible = 0;
			defaultConfigurationName = Debug;
		};
		9A134736C52454DC448C1ABA /* Build configuration list for PBXNativeTarget "SwitchTuistFinalTest" */ = {
			isa = XCConfigurationList;
			buildConfigurations = (
				CC7C51AB5F34D211840B3C23 /* Debug */,
			);
			defaultConfigurationIsVisible = 0;
			defaultConfigurationName = Debug;
		};
/* End XCConfigurationList section */
	};
	rootObject = 7D1D215FE0ABE41324C37D54 /* Project object */;
}
